// !$*UTF8*$!
{
	archiveVersion = 1;
	classes = {
	};
	objectVersion = 56;
	objects = {

/* Begin PBXBuildFile section */
		FE313B9C2BD79B9F006430DA /* YouTubeApp.swift in Sources */ = {isa = PBXBuildFile; fileRef = FE313B9B2BD79B9F006430DA /* YouTubeApp.swift */; };
		FE313B9E2BD79B9F006430DA /* ContentView.swift in Sources */ = {isa = PBXBuildFile; fileRef = FE313B9D2BD79B9F006430DA /* ContentView.swift */; };
		FE313BA02BD79BA0006430DA /* Assets.xcassets in Resources */ = {isa = PBXBuildFile; fileRef = FE313B9F2BD79BA0006430DA /* Assets.xcassets */; };
		FE313BA32BD79BA0006430DA /* Preview Assets.xcassets in Resources */ = {isa = PBXBuildFile; fileRef = FE313BA22BD79BA0006430DA /* Preview Assets.xcassets */; };
		FE5663682BD8CC9B001E9779 /* SubscriptionsView.swift in Sources */ = {isa = PBXBuildFile; fileRef = FE5663672BD8CC9B001E9779 /* SubscriptionsView.swift */; };
		FE56636A2BD8CCA7001E9779 /* UserProfileView.swift in Sources */ = {isa = PBXBuildFile; fileRef = FE5663692BD8CCA7001E9779 /* UserProfileView.swift */; };
		FE91AC642BE8D231007147BA /* NetworkManager.swift in Sources */ = {isa = PBXBuildFile; fileRef = FE91AC632BE8D231007147BA /* NetworkManager.swift */; };
		FE91AC672BE8D27D007147BA /* ViewModel.swift in Sources */ = {isa = PBXBuildFile; fileRef = FE91AC662BE8D27D007147BA /* ViewModel.swift */; };
		FE91AC6A2BE8D29F007147BA /* DataModel.swift in Sources */ = {isa = PBXBuildFile; fileRef = FE91AC692BE8D29F007147BA /* DataModel.swift */; };
		FEFA94842BE4C7BF00B1AB19 /* TrendingView.swift in Sources */ = {isa = PBXBuildFile; fileRef = FEFA94832BE4C7BF00B1AB19 /* TrendingView.swift */; };
/* End PBXBuildFile section */

/* Begin PBXFileReference section */
		FE313B982BD79B9F006430DA /* YouTube.app */ = {isa = PBXFileReference; explicitFileType = wrapper.application; includeInIndex = 0; path = YouTube.app; sourceTree = BUILT_PRODUCTS_DIR; };
		FE313B9B2BD79B9F006430DA /* YouTubeApp.swift */ = {isa = PBXFileReference; lastKnownFileType = sourcecode.swift; path = YouTubeApp.swift; sourceTree = "<group>"; };
		FE313B9D2BD79B9F006430DA /* ContentView.swift */ = {isa = PBXFileReference; lastKnownFileType = sourcecode.swift; path = ContentView.swift; sourceTree = "<group>"; };
		FE313B9F2BD79BA0006430DA /* Assets.xcassets */ = {isa = PBXFileReference; lastKnownFileType = folder.assetcatalog; path = Assets.xcassets; sourceTree = "<group>"; };
		FE313BA22BD79BA0006430DA /* Preview Assets.xcassets */ = {isa = PBXFileReference; lastKnownFileType = folder.assetcatalog; path = "Preview Assets.xcassets"; sourceTree = "<group>"; };
		FE5663672BD8CC9B001E9779 /* SubscriptionsView.swift */ = {isa = PBXFileReference; lastKnownFileType = sourcecode.swift; path = SubscriptionsView.swift; sourceTree = "<group>"; };
		FE5663692BD8CCA7001E9779 /* UserProfileView.swift */ = {isa = PBXFileReference; lastKnownFileType = sourcecode.swift; path = UserProfileView.swift; sourceTree = "<group>"; };
		FE91AC632BE8D231007147BA /* NetworkManager.swift */ = {isa = PBXFileReference; lastKnownFileType = sourcecode.swift; path = NetworkManager.swift; sourceTree = "<group>"; };
		FE91AC662BE8D27D007147BA /* ViewModel.swift */ = {isa = PBXFileReference; lastKnownFileType = sourcecode.swift; path = ViewModel.swift; sourceTree = "<group>"; };
		FE91AC692BE8D29F007147BA /* DataModel.swift */ = {isa = PBXFileReference; lastKnownFileType = sourcecode.swift; path = DataModel.swift; sourceTree = "<group>"; };
		FEFA94832BE4C7BF00B1AB19 /* TrendingView.swift */ = {isa = PBXFileReference; lastKnownFileType = sourcecode.swift; path = TrendingView.swift; sourceTree = "<group>"; };
/* End PBXFileReference section */

/* Begin PBXFrameworksBuildPhase section */
		FE313B952BD79B9F006430DA /* Frameworks */ = {
			isa = PBXFrameworksBuildPhase;
			buildActionMask = 2147483647;
			files = (
			);
			runOnlyForDeploymentPostprocessing = 0;
		};
/* End PBXFrameworksBuildPhase section */

/* Begin PBXGroup section */
		FE313B8F2BD79B9F006430DA = {
			isa = PBXGroup;
			children = (
				FE313B9A2BD79B9F006430DA /* YouTube */,
				FE313B992BD79B9F006430DA /* Products */,
			);
			sourceTree = "<group>";
		};
		FE313B992BD79B9F006430DA /* Products */ = {
			isa = PBXGroup;
			children = (
				FE313B982BD79B9F006430DA /* YouTube.app */,
			);
			name = Products;
			sourceTree = "<group>";
		};
		FE313B9A2BD79B9F006430DA /* YouTube */ = {
			isa = PBXGroup;
			children = (
				FE91AC682BE8D297007147BA /* Model */,
				FE91AC652BE8D271007147BA /* ViewModel */,
				FE91AC622BE8D1C0007147BA /* Manager */,
				FE91AC612BE8D1B5007147BA /* Views */,
				FE313B9F2BD79BA0006430DA /* Assets.xcassets */,
				FE313BA12BD79BA0006430DA /* Preview Content */,
			);
			path = YouTube;
			sourceTree = "<group>";
		};
		FE313BA12BD79BA0006430DA /* Preview Content */ = {
			isa = PBXGroup;
			children = (
				FE313BA22BD79BA0006430DA /* Preview Assets.xcassets */,
			);
			path = "Preview Content";
			sourceTree = "<group>";
		};
		FE91AC612BE8D1B5007147BA /* Views */ = {
			isa = PBXGroup;
			children = (
				FE313B9B2BD79B9F006430DA /* YouTubeApp.swift */,
				FE5663672BD8CC9B001E9779 /* SubscriptionsView.swift */,
				FE313B9D2BD79B9F006430DA /* ContentView.swift */,
				FE5663692BD8CCA7001E9779 /* UserProfileView.swift */,
				FEFA94832BE4C7BF00B1AB19 /* TrendingView.swift */,
			);
			name = Views;
			sourceTree = "<group>";
		};
		FE91AC622BE8D1C0007147BA /* Manager */ = {
			isa = PBXGroup;
			children = (
				FE91AC632BE8D231007147BA /* NetworkManager.swift */,
			);
			path = Manager;
			sourceTree = "<group>";
		};
		FE91AC652BE8D271007147BA /* ViewModel */ = {
			isa = PBXGroup;
			children = (
				FE91AC662BE8D27D007147BA /* ViewModel.swift */,
			);
			path = ViewModel;
			sourceTree = "<group>";
		};
		FE91AC682BE8D297007147BA /* Model */ = {
			isa = PBXGroup;
			children = (
				FE91AC692BE8D29F007147BA /* DataModel.swift */,
			);
			path = Model;
			sourceTree = "<group>";
		};
/* End PBXGroup section */

/* Begin PBXNativeTarget section */
		FE313B972BD79B9F006430DA /* YouTube */ = {
			isa = PBXNativeTarget;
			buildConfigurationList = FE313BA62BD79BA0006430DA /* Build configuration list for PBXNativeTarget "YouTube" */;
			buildPhases = (
				FE313B942BD79B9F006430DA /* Sources */,
				FE313B952BD79B9F006430DA /* Frameworks */,
				FE313B962BD79B9F006430DA /* Resources */,
			);
			buildRules = (
			);
			dependencies = (
			);
			name = YouTube;
			productName = Youtube;
			productReference = FE313B982BD79B9F006430DA /* YouTube.app */;
			productType = "com.apple.product-type.application";
		};
/* End PBXNativeTarget section */

/* Begin PBXProject section */
		FE313B902BD79B9F006430DA /* Project object */ = {
			isa = PBXProject;
			attributes = {
				BuildIndependentTargetsInParallel = 1;
				LastSwiftUpdateCheck = 1430;
				LastUpgradeCheck = 1430;
				TargetAttributes = {
					FE313B972BD79B9F006430DA = {
						CreatedOnToolsVersion = 14.3.1;
					};
				};
			};
			buildConfigurationList = FE313B932BD79B9F006430DA /* Build configuration list for PBXProject "YouTube" */;
			compatibilityVersion = "Xcode 14.0";
			developmentRegion = en;
			hasScannedForEncodings = 0;
			knownRegions = (
				en,
				Base,
			);
			mainGroup = FE313B8F2BD79B9F006430DA;
			productRefGroup = FE313B992BD79B9F006430DA /* Products */;
			projectDirPath = "";
			projectRoot = "";
			targets = (
				FE313B972BD79B9F006430DA /* YouTube */,
			);
		};
/* End PBXProject section */

/* Begin PBXResourcesBuildPhase section */
		FE313B962BD79B9F006430DA /* Resources */ = {
			isa = PBXResourcesBuildPhase;
			buildActionMask = 2147483647;
			files = (
				FE313BA32BD79BA0006430DA /* Preview Assets.xcassets in Resources */,
				FE313BA02BD79BA0006430DA /* Assets.xcassets in Resources */,
			);
			runOnlyForDeploymentPostprocessing = 0;
		};
/* End PBXResourcesBuildPhase section */

/* Begin PBXSourcesBuildPhase section */
		FE313B942BD79B9F006430DA /* Sources */ = {
			isa = PBXSourcesBuildPhase;
			buildActionMask = 2147483647;
			files = (
				FE91AC642BE8D231007147BA /* NetworkManager.swift in Sources */,
				FE5663682BD8CC9B001E9779 /* SubscriptionsView.swift in Sources */,
				FE313B9E2BD79B9F006430DA /* ContentView.swift in Sources */,
				FE313B9C2BD79B9F006430DA /* YouTubeApp.swift in Sources */,
				FEFA94842BE4C7BF00B1AB19 /* TrendingView.swift in Sources */,
				FE91AC6A2BE8D29F007147BA /* DataModel.swift in Sources */,
				FE56636A2BD8CCA7001E9779 /* UserProfileView.swift in Sources */,
				FE91AC672BE8D27D007147BA /* ViewModel.swift in Sources */,
			);
			runOnlyForDeploymentPostprocessing = 0;
		};
/* End PBXSourcesBuildPhase section */

/* Begin XCBuildConfiguration section */
		FE313BA42BD79BA0006430DA /* Debug */ = {
			isa = XCBuildConfiguration;
			buildSettings = {
				ALWAYS_SEARCH_USER_PATHS = NO;
				CLANG_ANALYZER_NONNULL = YES;
				CLANG_ANALYZER_NUMBER_OBJECT_CONVERSION = YES_AGGRESSIVE;
				CLANG_CXX_LANGUAGE_STANDARD = "gnu++20";
				CLANG_ENABLE_MODULES = YES;
				CLANG_ENABLE_OBJC_ARC = YES;
				CLANG_ENABLE_OBJC_WEAK = YES;
				CLANG_WARN_BLOCK_CAPTURE_AUTORELEASING = YES;
				CLANG_WARN_BOOL_CONVERSION = YES;
				CLANG_WARN_COMMA = YES;
				CLANG_WARN_CONSTANT_CONVERSION = YES;
				CLANG_WARN_DEPRECATED_OBJC_IMPLEMENTATIONS = YES;
				CLANG_WARN_DIRECT_OBJC_ISA_USAGE = YES_ERROR;
				CLANG_WARN_DOCUMENTATION_COMMENTS = YES;
				CLANG_WARN_EMPTY_BODY = YES;
				CLANG_WARN_ENUM_CONVERSION = YES;
				CLANG_WARN_INFINITE_RECURSION = YES;
				CLANG_WARN_INT_CONVERSION = YES;
				CLANG_WARN_NON_LITERAL_NULL_CONVERSION = YES;
				CLANG_WARN_OBJC_IMPLICIT_RETAIN_SELF = YES;
				CLANG_WARN_OBJC_LITERAL_CONVERSION = YES;
				CLANG_WARN_OBJC_ROOT_CLASS = YES_ERROR;
				CLANG_WARN_QUOTED_INCLUDE_IN_FRAMEWORK_HEADER = YES;
				CLANG_WARN_RANGE_LOOP_ANALYSIS = YES;
				CLANG_WARN_STRICT_PROTOTYPES = YES;
				CLANG_WARN_SUSPICIOUS_MOVE = YES;
				CLANG_WARN_UNGUARDED_AVAILABILITY = YES_AGGRESSIVE;
				CLANG_WARN_UNREACHABLE_CODE = YES;
				CLANG_WARN__DUPLICATE_METHOD_MATCH = YES;
				COPY_PHASE_STRIP = NO;
				DEBUG_INFORMATION_FORMAT = dwarf;
				ENABLE_STRICT_OBJC_MSGSEND = YES;
				ENABLE_TESTABILITY = YES;
				GCC_C_LANGUAGE_STANDARD = gnu11;
				GCC_DYNAMIC_NO_PIC = NO;
				GCC_NO_COMMON_BLOCKS = YES;
				GCC_OPTIMIZATION_LEVEL = 0;
				GCC_PREPROCESSOR_DEFINITIONS = (
					"DEBUG=1",
					"$(inherited)",
				);
				GCC_WARN_64_TO_32_BIT_CONVERSION = YES;
				GCC_WARN_ABOUT_RETURN_TYPE = YES_ERROR;
				GCC_WARN_UNDECLARED_SELECTOR = YES;
				GCC_WARN_UNINITIALIZED_AUTOS = YES_AGGRESSIVE;
				GCC_WARN_UNUSED_FUNCTION = YES;
				GCC_WARN_UNUSED_VARIABLE = YES;
				IPHONEOS_DEPLOYMENT_TARGET = 16.4;
				MTL_ENABLE_DEBUG_INFO = INCLUDE_SOURCE;
				MTL_FAST_MATH = YES;
				ONLY_ACTIVE_ARCH = YES;
				SDKROOT = iphoneos;
				SWIFT_ACTIVE_COMPILATION_CONDITIONS = DEBUG;
				SWIFT_OPTIMIZATION_LEVEL = "-Onone";
			};
			name = Debug;
		};
		FE313BA52BD79BA0006430DA /* Release */ = {
			isa = XCBuildConfiguration;
			buildSettings = {
				ALWAYS_SEARCH_USER_PATHS = NO;
				CLANG_ANALYZER_NONNULL = YES;
				CLANG_ANALYZER_NUMBER_OBJECT_CONVERSION = YES_AGGRESSIVE;
				CLANG_CXX_LANGUAGE_STANDARD = "gnu++20";
				CLANG_ENABLE_MODULES = YES;
				CLANG_ENABLE_OBJC_ARC = YES;
				CLANG_ENABLE_OBJC_WEAK = YES;
				CLANG_WARN_BLOCK_CAPTURE_AUTORELEASING = YES;
				CLANG_WARN_BOOL_CONVERSION = YES;
				CLANG_WARN_COMMA = YES;
				CLANG_WARN_CONSTANT_CONVERSION = YES;
				CLANG_WARN_DEPRECATED_OBJC_IMPLEMENTATIONS = YES;
				CLANG_WARN_DIRECT_OBJC_ISA_USAGE = YES_ERROR;
				CLANG_WARN_DOCUMENTATION_COMMENTS = YES;
				CLANG_WARN_EMPTY_BODY = YES;
				CLANG_WARN_ENUM_CONVERSION = YES;
				CLANG_WARN_INFINITE_RECURSION = YES;
				CLANG_WARN_INT_CONVERSION = YES;
				CLANG_WARN_NON_LITERAL_NULL_CONVERSION = YES;
				CLANG_WARN_OBJC_IMPLICIT_RETAIN_SELF = YES;
				CLANG_WARN_OBJC_LITERAL_CONVERSION = YES;
				CLANG_WARN_OBJC_ROOT_CLASS = YES_ERROR;
				CLANG_WARN_QUOTED_INCLUDE_IN_FRAMEWORK_HEADER = YES;
				CLANG_WARN_RANGE_LOOP_ANALYSIS = YES;
				CLANG_WARN_STRICT_PROTOTYPES = YES;
				CLANG_WARN_SUSPICIOUS_MOVE = YES;
				CLANG_WARN_UNGUARDED_AVAILABILITY = YES_AGGRESSIVE;
				CLANG_WARN_UNREACHABLE_CODE = YES;
				CLANG_WARN__DUPLICATE_METHOD_MATCH = YES;
				COPY_PHASE_STRIP = NO;
				DEBUG_INFORMATION_FORMAT = "dwarf-with-dsym";
				ENABLE_NS_ASSERTIONS = NO;
				ENABLE_STRICT_OBJC_MSGSEND = YES;
				GCC_C_LANGUAGE_STANDARD = gnu11;
				GCC_NO_COMMON_BLOCKS = YES;
				GCC_WARN_64_TO_32_BIT_CONVERSION = YES;
				GCC_WARN_ABOUT_RETURN_TYPE = YES_ERROR;
				GCC_WARN_UNDECLARED_SELECTOR = YES;
				GCC_WARN_UNINITIALIZED_AUTOS = YES_AGGRESSIVE;
				GCC_WARN_UNUSED_FUNCTION = YES;
				GCC_WARN_UNUSED_VARIABLE = YES;
				IPHONEOS_DEPLOYMENT_TARGET = 16.4;
				MTL_ENABLE_DEBUG_INFO = NO;
				MTL_FAST_MATH = YES;
				SDKROOT = iphoneos;
				SWIFT_COMPILATION_MODE = wholemodule;
				SWIFT_OPTIMIZATION_LEVEL = "-O";
				VALIDATE_PRODUCT = YES;
			};
			name = Release;
		};
		FE313BA72BD79BA0006430DA /* Debug */ = {
			isa = XCBuildConfiguration;
			buildSettings = {
				ASSETCATALOG_COMPILER_APPICON_NAME = AppIcon;
				ASSETCATALOG_COMPILER_GLOBAL_ACCENT_COLOR_NAME = AccentColor;
				CODE_SIGN_STYLE = Automatic;
				CURRENT_PROJECT_VERSION = 1;
				DEVELOPMENT_ASSET_PATHS = "\"Youtube/Preview Content\"";
				ENABLE_PREVIEWS = YES;
				GENERATE_INFOPLIST_FILE = YES;
				INFOPLIST_KEY_UIApplicationSceneManifest_Generation = YES;
				INFOPLIST_KEY_UIApplicationSupportsIndirectInputEvents = YES;
				INFOPLIST_KEY_UILaunchScreen_Generation = YES;
				INFOPLIST_KEY_UISupportedInterfaceOrientations_iPad = "UIInterfaceOrientationPortrait UIInterfaceOrientationPortraitUpsideDown UIInterfaceOrientationLandscapeLeft UIInterfaceOrientationLandscapeRight";
				INFOPLIST_KEY_UISupportedInterfaceOrientations_iPhone = "UIInterfaceOrientationPortrait UIInterfaceOrientationLandscapeLeft UIInterfaceOrientationLandscapeRight";
				LD_RUNPATH_SEARCH_PATHS = (
					"$(inherited)",
					"@executable_path/Frameworks",
				);
				MARKETING_VERSION = 1.0;
				PRODUCT_BUNDLE_IDENTIFIER = com.SampleApp.Youtube;
				PRODUCT_NAME = "$(TARGET_NAME)";
				SWIFT_EMIT_LOC_STRINGS = YES;
				SWIFT_VERSION = 5.0;
				TARGETED_DEVICE_FAMILY = "1,2";
			};
			name = Debug;
		};
		FE313BA82BD79BA0006430DA /* Release */ = {
			isa = XCBuildConfiguration;
			buildSettings = {
				ASSETCATALOG_COMPILER_APPICON_NAME = AppIcon;
				ASSETCATALOG_COMPILER_GLOBAL_ACCENT_COLOR_NAME = AccentColor;
				CODE_SIGN_STYLE = Automatic;
				CURRENT_PROJECT_VERSION = 1;
				DEVELOPMENT_ASSET_PATHS = "\"Youtube/Preview Content\"";
				ENABLE_PREVIEWS = YES;
				GENERATE_INFOPLIST_FILE = YES;
				INFOPLIST_KEY_UIApplicationSceneManifest_Generation = YES;
				INFOPLIST_KEY_UIApplicationSupportsIndirectInputEvents = YES;
				INFOPLIST_KEY_UILaunchScreen_Generation = YES;
				INFOPLIST_KEY_UISupportedInterfaceOrientations_iPad = "UIInterfaceOrientationPortrait UIInterfaceOrientationPortraitUpsideDown UIInterfaceOrientationLandscapeLeft UIInterfaceOrientationLandscapeRight";
				INFOPLIST_KEY_UISupportedInterfaceOrientations_iPhone = "UIInterfaceOrientationPortrait UIInterfaceOrientationLandscapeLeft UIInterfaceOrientationLandscapeRight";
				LD_RUNPATH_SEARCH_PATHS = (
					"$(inherited)",
					"@executable_path/Frameworks",
				);
				MARKETING_VERSION = 1.0;
				PRODUCT_BUNDLE_IDENTIFIER = com.SampleApp.Youtube;
				PRODUCT_NAME = "$(TARGET_NAME)";
				SWIFT_EMIT_LOC_STRINGS = YES;
				SWIFT_VERSION = 5.0;
				TARGETED_DEVICE_FAMILY = "1,2";
			};
			name = Release;
		};
/* End XCBuildConfiguration section */

/* Begin XCConfigurationList section */
		FE313B932BD79B9F006430DA /* Build configuration list for PBXProject "YouTube" */ = {
			isa = XCConfigurationList;
			buildConfigurations = (
				FE313BA42BD79BA0006430DA /* Debug */,
				FE313BA52BD79BA0006430DA /* Release */,
			);
			defaultConfigurationIsVisible = 0;
			defaultConfigurationName = Release;
		};
		FE313BA62BD79BA0006430DA /* Build configuration list for PBXNativeTarget "YouTube" */ = {
			isa = XCConfigurationList;
			buildConfigurations = (
				FE313BA72BD79BA0006430DA /* Debug */,
				FE313BA82BD79BA0006430DA /* Release */,
			);
			defaultConfigurationIsVisible = 0;
			defaultConfigurationName = Release;
		};
/* End XCConfigurationList section */
	};
	rootObject = FE313B902BD79B9F006430DA /* Project object */;
}
